{
  "version": 4,
  "terraform_version": "0.14.8",
  "serial": 5,
  "lineage": "96732c49-4d1f-53ac-7359-dba2e91ad58e",
  "outputs": {
    "aks_cluster_name": {
      "value": "terraform-aks-dev-cluster",
      "type": "string"
    },
    "latest_version": {
      "value": "1.19.7",
      "type": "string"
    },
    "location": {
      "value": "centralus",
      "type": "string"
    },
    "resource_group_id": {
      "value": "/subscriptions/04a549e9-1ceb-4843-a0f3-e0d2fe884ede/resourceGroups/terraform-aks-dev",
      "type": "string"
    },
    "resource_group_name": {
      "value": "terraform-aks-dev",
      "type": "string"
    },
    "versions": {
      "value": [
        "1.17.13",
        "1.17.16",
        "1.18.10",
        "1.18.14",
        "1.19.6",
        "1.19.7"
      ],
      "type": [
        "list",
        "string"
      ]
    }
  },
  "resources": [
    {
      "mode": "data",
      "type": "azurerm_kubernetes_service_versions",
      "name": "current",
      "provider": "provider[\"registry.terraform.io/hashicorp/azurerm\"]",
      "instances": [
        {
          "schema_version": 0,
          "attributes": {
            "id": "/subscriptions/04a549e9-1ceb-4843-a0f3-e0d2fe884ede/providers/Microsoft.ContainerService/locations/centralus/orchestrators",
            "include_preview": false,
            "latest_version": "1.19.7",
            "location": "centralus",
            "timeouts": null,
            "version_prefix": null,
            "versions": [
              "1.17.13",
              "1.17.16",
              "1.18.10",
              "1.18.14",
              "1.19.6",
              "1.19.7"
            ]
          },
          "sensitive_attributes": []
        }
      ]
    },
    {
      "mode": "managed",
      "type": "azurerm_log_analytics_workspace",
      "name": "insights",
      "provider": "provider[\"registry.terraform.io/hashicorp/azurerm\"]",
      "instances": [
        {
          "schema_version": 2,
          "attributes": {
            "daily_quota_gb": -1,
            "id": "/subscriptions/04a549e9-1ceb-4843-a0f3-e0d2fe884ede/resourceGroups/terraform-aks-dev/providers/Microsoft.OperationalInsights/workspaces/logs-alive-ant",
            "internet_ingestion_enabled": true,
            "internet_query_enabled": true,
            "location": "centralus",
            "name": "logs-alive-ant",
            "portal_url": "",
            "primary_shared_key": "ATdq/ZtHo6EmHjw4So6fk6xsbWQPHaKzz1IjW+8QiA8+uxaNFGaqRWgAUsYZCwOB17S9mUhpBGy2erqLKQ2xPw==",
            "reservation_capcity_in_gb_per_day": null,
            "resource_group_name": "terraform-aks-dev",
            "retention_in_days": 30,
            "secondary_shared_key": "40p8tqBXdpRrYl9G0eClRl7F2tq8kClHRgOaKbv7hHeoxTPW5WNV/4D/d9hy5Y3jxR220wlb609AO8X5P77VJA==",
            "sku": "pergb2018",
            "tags": null,
            "timeouts": null,
            "workspace_id": "84a3c974-2d03-44c2-9b12-2575763e67ef"
          },
          "sensitive_attributes": [],
          "private": "eyJlMmJmYjczMC1lY2FhLTExZTYtOGY4OC0zNDM2M2JjN2M0YzAiOnsiY3JlYXRlIjoxODAwMDAwMDAwMDAwLCJkZWxldGUiOjE4MDAwMDAwMDAwMDAsInJlYWQiOjMwMDAwMDAwMDAwMCwidXBkYXRlIjoxODAwMDAwMDAwMDAwfSwic2NoZW1hX3ZlcnNpb24iOiIyIn0=",
          "dependencies": [
            "azurerm_resource_group.aks_rg",
            "random_pet.aksrandom"
          ]
        }
      ]
    },
    {
      "mode": "managed",
      "type": "azurerm_resource_group",
      "name": "aks_rg",
      "provider": "provider[\"registry.terraform.io/hashicorp/azurerm\"]",
      "instances": [
        {
          "schema_version": 0,
          "attributes": {
            "id": "/subscriptions/04a549e9-1ceb-4843-a0f3-e0d2fe884ede/resourceGroups/terraform-aks-dev",
            "location": "centralus",
            "name": "terraform-aks-dev",
            "tags": null,
            "timeouts": null
          },
          "sensitive_attributes": [],
          "private": "eyJlMmJmYjczMC1lY2FhLTExZTYtOGY4OC0zNDM2M2JjN2M0YzAiOnsiY3JlYXRlIjo1NDAwMDAwMDAwMDAwLCJkZWxldGUiOjU0MDAwMDAwMDAwMDAsInJlYWQiOjMwMDAwMDAwMDAwMCwidXBkYXRlIjo1NDAwMDAwMDAwMDAwfX0="
        }
      ]
    },
    {
      "mode": "managed",
      "type": "random_pet",
      "name": "aksrandom",
      "provider": "provider[\"registry.terraform.io/hashicorp/random\"]",
      "instances": [
        {
          "schema_version": 0,
          "attributes": {
            "id": "alive-ant",
            "keepers": null,
            "length": 2,
            "prefix": null,
            "separator": "-"
          },
          "sensitive_attributes": [],
          "private": "bnVsbA=="
        }
      ]
    }
  ]
}
